
Microsoft Visual Studio Solution File, Format Version 12.00
# Visual Studio Version 17
VisualStudioVersion = 17.9.34728.123
MinimumVisualStudioVersion = 10.0.40219.1
Project("{9A19103F-16F7-4668-BE54-9A1E7A4F7556}") = "LayUI.Wpf.Extensions.App", "LayUI.Wpf.Extensions.App\LayUI.Wpf.Extensions.App.csproj", "{5D59DDD0-9351-48D6-8A6F-D5CA32096DE7}"
EndProject
Project("{FAE04EC0-301F-11D3-BF4B-00C04F79EFBC}") = "LayUI.Wpf.Extensions", "LayUI.Wpf.Extensions\LayUI.Wpf.Extensions.csproj", "{1BCAE764-F524-4FE4-A5E0-0C30F15ACF1D}"
EndProject
Global
	GlobalSection(SolutionConfigurationPlatforms) = preSolution
		Debug|Any CPU = Debug|Any CPU
		Release|Any CPU = Release|Any CPU
	EndGlobalSection
	GlobalSection(ProjectConfigurationPlatforms) = postSolution
		{5D59DDD0-9351-48D6-8A6F-D5CA32096DE7}.Debug|Any CPU.ActiveCfg = Debug|Any CPU
		{5D59DDD0-9351-48D6-8A6F-D5CA32096DE7}.Debug|Any CPU.Build.0 = Debug|Any CPU
		{5D59DDD0-9351-48D6-8A6F-D5CA32096DE7}.Release|Any CPU.ActiveCfg = Release|Any CPU
		{5D59DDD0-9351-48D6-8A6F-D5CA32096DE7}.Release|Any CPU.Build.0 = Release|Any CPU
		{1BCAE764-F524-4FE4-A5E0-0C30F15ACF1D}.Debug|Any CPU.ActiveCfg = Debug|Any CPU
		{1BCAE764-F524-4FE4-A5E0-0C30F15ACF1D}.Debug|Any CPU.Build.0 = Debug|Any CPU
		{1BCAE764-F524-4FE4-A5E0-0C30F15ACF1D}.Release|Any CPU.ActiveCfg = Release|Any CPU
		{1BCAE764-F524-4FE4-A5E0-0C30F15ACF1D}.Release|Any CPU.Build.0 = Release|Any CPU
	EndGlobalSection
	GlobalSection(SolutionProperties) = preSolution
		HideSolutionNode = FALSE
	EndGlobalSection
	GlobalSection(ExtensibilityGlobals) = postSolution
		SolutionGuid = {AA21A88F-1F3A-4D8D-9EC6-7ECB9B893663}
	EndGlobalSection
EndGlobal
